
Microsoft Visual Studio Solution File, Format Version 12.00
# Visual Studio Version 17
VisualStudioVersion = 17.4.33103.184
MinimumVisualStudioVersion = 10.0.40219.1
Project("{FAE04EC0-301F-11D3-BF4B-00C04F79EFBC}") = "UsbMonitor", "UsbMonitor\UsbMonitor.csproj", "{50A37B80-D199-4607-844B-1BEEE5228463}"
EndProject
Global
	GlobalSection(SolutionConfigurationPlatforms) = preSolution
		Debug|Any CPU = Debug|Any CPU
		Release|Any CPU = Release|Any CPU
	EndGlobalSection
	GlobalSection(ProjectConfigurationPlatforms) = postSolution
		{50A37B80-D199-4607-844B-1BEEE5228463}.Debug|Any CPU.ActiveCfg = Debug|Any CPU
		{50A37B80-D199-4607-844B-1BEEE5228463}.Debug|Any CPU.Build.0 = Debug|Any CPU
		{50A37B80-D199-4607-844B-1BEEE5228463}.Release|Any CPU.ActiveCfg = Release|Any CPU
		{50A37B80-D199-4607-844B-1BEEE5228463}.Release|Any CPU.Build.0 = Release|Any CPU
	EndGlobalSection
	GlobalSection(SolutionProperties) = preSolution
		HideSolutionNode = FALSE
	EndGlobalSection
	GlobalSection(ExtensibilityGlobals) = postSolution
		SolutionGuid = {8D0F2A0E-2F2A-479C-B75A-23FEC0C55B19}
	EndGlobalSection
EndGlobal
